
Microsoft Visual Studio Solution File, Format Version 12.00
# Visual Studio 15
VisualStudioVersion = 15.0.27703.2035
MinimumVisualStudioVersion = 10.0.40219.1
Project("{FAE04EC0-301F-11D3-BF4B-00C04F79EFBC}") = "Proj1", "ConsoleApplication1\Proj1.csproj", "{AB880FCA-BDE4-40B8-A5D0-8B6532403928}"
EndProject
Global
	GlobalSection(SolutionConfigurationPlatforms) = preSolution
		Debug|Any CPU = Debug|Any CPU
		Release|Any CPU = Release|Any CPU
	EndGlobalSection
	GlobalSection(ProjectConfigurationPlatforms) = postSolution
		{AB880FCA-BDE4-40B8-A5D0-8B6532403928}.Debug|Any CPU.ActiveCfg = Debug|Any CPU
		{AB880FCA-BDE4-40B8-A5D0-8B6532403928}.Debug|Any CPU.Build.0 = Debug|Any CPU
		{AB880FCA-BDE4-40B8-A5D0-8B6532403928}.Release|Any CPU.ActiveCfg = Release|Any CPU
		{AB880FCA-BDE4-40B8-A5D0-8B6532403928}.Release|Any CPU.Build.0 = Release|Any CPU
	EndGlobalSection
	GlobalSection(SolutionProperties) = preSolution
		HideSolutionNode = FALSE
	EndGlobalSection
	GlobalSection(ExtensibilityGlobals) = postSolution
		SolutionGuid = {C76EB2A1-EEFB-40B5-8425-0C62086F2334}
	EndGlobalSection
EndGlobal
